// !$*UTF8*$!
{
	archiveVersion = 1;
	classes = {
	};
	objectVersion = 50;
	objects = {

/* Begin PBXBuildFile section */
		E576776125FD4EE783E64ED5 /* libPods-ios-here-helloworld.a in Frameworks */ = {isa = PBXBuildFile; fileRef = ACCDFF3DE0A586213357D29C /* libPods-ios-here-helloworld.a */; };
		F9688CE1215332410041A01A /* AppDelegate.swift in Sources */ = {isa = PBXBuildFile; fileRef = F9688CE0215332410041A01A /* AppDelegate.swift */; };
		F9688CE3215332410041A01A /* ViewController.swift in Sources */ = {isa = PBXBuildFile; fileRef = F9688CE2215332410041A01A /* ViewController.swift */; };
		F9688CE6215332410041A01A /* Main.storyboard in Resources */ = {isa = PBXBuildFile; fileRef = F9688CE4215332410041A01A /* Main.storyboard */; };
		F9688CE8215332420041A01A /* Assets.xcassets in Resources */ = {isa = PBXBuildFile; fileRef = F9688CE7215332420041A01A /* Assets.xcassets */; };
		F9688CEB215332420041A01A /* LaunchScreen.storyboard in Resources */ = {isa = PBXBuildFile; fileRef = F9688CE9215332420041A01A /* LaunchScreen.storyboard */; };
		F9688CF6215332420041A01A /* ios_here_helloworldTests.swift in Sources */ = {isa = PBXBuildFile; fileRef = F9688CF5215332420041A01A /* ios_here_helloworldTests.swift */; };
		F9688D01215332420041A01A /* ios_here_helloworldUITests.swift in Sources */ = {isa = PBXBuildFile; fileRef = F9688D00215332420041A01A /* ios_here_helloworldUITests.swift */; };
/* End PBXBuildFile section */

/* Begin PBXContainerItemProxy section */
		F9688CF2215332420041A01A /* PBXContainerItemProxy */ = {
			isa = PBXContainerItemProxy;
			containerPortal = F9688CD5215332410041A01A /* Project object */;
			proxyType = 1;
			remoteGlobalIDString = F9688CDC215332410041A01A;
			remoteInfo = "ios-here-helloworld";
		};
		F9688CFD215332420041A01A /* PBXContainerItemProxy */ = {
			isa = PBXContainerItemProxy;
			containerPortal = F9688CD5215332410041A01A /* Project object */;
			proxyType = 1;
			remoteGlobalIDString = F9688CDC215332410041A01A;
			remoteInfo = "ios-here-helloworld";
		};
/* End PBXContainerItemProxy section */

/* Begin PBXFileReference section */
		053ED3D786EBE98D6F5D4D75 /* Pods-ios-here-helloworld.release.xcconfig */ = {isa = PBXFileReference; includeInIndex = 1; lastKnownFileType = text.xcconfig; name = "Pods-ios-here-helloworld.release.xcconfig"; path = "Pods/Target Support Files/Pods-ios-here-helloworld/Pods-ios-here-helloworld.release.xcconfig"; sourceTree = "<group>"; };
		4839DA0C6B3A0D3A39D15D5F /* Pods-ios-here-helloworld.debug.xcconfig */ = {isa = PBXFileReference; includeInIndex = 1; lastKnownFileType = text.xcconfig; name = "Pods-ios-here-helloworld.debug.xcconfig"; path = "Pods/Target Support Files/Pods-ios-here-helloworld/Pods-ios-here-helloworld.debug.xcconfig"; sourceTree = "<group>"; };
		ACCDFF3DE0A586213357D29C /* libPods-ios-here-helloworld.a */ = {isa = PBXFileReference; explicitFileType = archive.ar; includeInIndex = 0; path = "libPods-ios-here-helloworld.a"; sourceTree = BUILT_PRODUCTS_DIR; };
		F9688CDD215332410041A01A /* ios-here-helloworld.app */ = {isa = PBXFileReference; explicitFileType = wrapper.application; includeInIndex = 0; path = "ios-here-helloworld.app"; sourceTree = BUILT_PRODUCTS_DIR; };
		F9688CE0215332410041A01A /* AppDelegate.swift */ = {isa = PBXFileReference; lastKnownFileType = sourcecode.swift; path = AppDelegate.swift; sourceTree = "<group>"; };
		F9688CE2215332410041A01A /* ViewController.swift */ = {isa = PBXFileReference; lastKnownFileType = sourcecode.swift; path = ViewController.swift; sourceTree = "<group>"; };
		F9688CE5215332410041A01A /* Base */ = {isa = PBXFileReference; lastKnownFileType = file.storyboard; name = Base; path = Base.lproj/Main.storyboard; sourceTree = "<group>"; };
		F9688CE7215332420041A01A /* Assets.xcassets */ = {isa = PBXFileReference; lastKnownFileType = folder.assetcatalog; path = Assets.xcassets; sourceTree = "<group>"; };
		F9688CEA215332420041A01A /* Base */ = {isa = PBXFileReference; lastKnownFileType = file.storyboard; name = Base; path = Base.lproj/LaunchScreen.storyboard; sourceTree = "<group>"; };
		F9688CEC215332420041A01A /* Info.plist */ = {isa = PBXFileReference; lastKnownFileType = text.plist.xml; path = Info.plist; sourceTree = "<group>"; };
		F9688CF1215332420041A01A /* ios-here-helloworldTests.xctest */ = {isa = PBXFileReference; explicitFileType = wrapper.cfbundle; includeInIndex = 0; path = "ios-here-helloworldTests.xctest"; sourceTree = BUILT_PRODUCTS_DIR; };
		F9688CF5215332420041A01A /* ios_here_helloworldTests.swift */ = {isa = PBXFileReference; lastKnownFileType = sourcecode.swift; path = ios_here_helloworldTests.swift; sourceTree = "<group>"; };
		F9688CF7215332420041A01A /* Info.plist */ = {isa = PBXFileReference; lastKnownFileType = text.plist.xml; path = Info.plist; sourceTree = "<group>"; };
		F9688CFC215332420041A01A /* ios-here-helloworldUITests.xctest */ = {isa = PBXFileReference; explicitFileType = wrapper.cfbundle; includeInIndex = 0; path = "ios-here-helloworldUITests.xctest"; sourceTree = BUILT_PRODUCTS_DIR; };
		F9688D00215332420041A01A /* ios_here_helloworldUITests.swift */ = {isa = PBXFileReference; lastKnownFileType = sourcecode.swift; path = ios_here_helloworldUITests.swift; sourceTree = "<group>"; };
		F9688D02215332420041A01A /* Info.plist */ = {isa = PBXFileReference; lastKnownFileType = text.plist.xml; path = Info.plist; sourceTree = "<group>"; };
/* End PBXFileReference section */

/* Begin PBXFrameworksBuildPhase section */
		F9688CDA215332410041A01A /* Frameworks */ = {
			isa = PBXFrameworksBuildPhase;
			buildActionMask = 2147483647;
			files = (
				E576776125FD4EE783E64ED5 /* libPods-ios-here-helloworld.a in Frameworks */,
			);
			runOnlyForDeploymentPostprocessing = 0;
		};
		F9688CEE215332420041A01A /* Frameworks */ = {
			isa = PBXFrameworksBuildPhase;
			buildActionMask = 2147483647;
			files = (
			);
			runOnlyForDeploymentPostprocessing = 0;
		};
		F9688CF9215332420041A01A /* Frameworks */ = {
			isa = PBXFrameworksBuildPhase;
			buildActionMask = 2147483647;
			files = (
			);
			runOnlyForDeploymentPostprocessing = 0;
		};
/* End PBXFrameworksBuildPhase section */

/* Begin PBXGroup section */
		B232A1F94D93C0748BF8E964 /* Frameworks */ = {
			isa = PBXGroup;
			children = (
				ACCDFF3DE0A586213357D29C /* libPods-ios-here-helloworld.a */,
			);
			name = Frameworks;
			sourceTree = "<group>";
		};
		E6DE77E66B056CC695A30153 /* Pods */ = {
			isa = PBXGroup;
			children = (
				4839DA0C6B3A0D3A39D15D5F /* Pods-ios-here-helloworld.debug.xcconfig */,
				053ED3D786EBE98D6F5D4D75 /* Pods-ios-here-helloworld.release.xcconfig */,
			);
			name = Pods;
			sourceTree = "<group>";
		};
		F9688CD4215332410041A01A = {
			isa = PBXGroup;
			children = (
				F9688CDF215332410041A01A /* ios-here-helloworld */,
				F9688CF4215332420041A01A /* ios-here-helloworldTests */,
				F9688CFF215332420041A01A /* ios-here-helloworldUITests */,
				F9688CDE215332410041A01A /* Products */,
				E6DE77E66B056CC695A30153 /* Pods */,
				B232A1F94D93C0748BF8E964 /* Frameworks */,
			);
			sourceTree = "<group>";
		};
		F9688CDE215332410041A01A /* Products */ = {
			isa = PBXGroup;
			children = (
				F9688CDD215332410041A01A /* ios-here-helloworld.app */,
				F9688CF1215332420041A01A /* ios-here-helloworldTests.xctest */,
				F9688CFC215332420041A01A /* ios-here-helloworldUITests.xctest */,
			);
			name = Products;
			sourceTree = "<group>";
		};
		F9688CDF215332410041A01A /* ios-here-helloworld */ = {
			isa = PBXGroup;
			children = (
				F9688CE0215332410041A01A /* AppDelegate.swift */,
				F9688CE2215332410041A01A /* ViewController.swift */,
				F9688CE4215332410041A01A /* Main.storyboard */,
				F9688CE7215332420041A01A /* Assets.xcassets */,
				F9688CE9215332420041A01A /* LaunchScreen.storyboard */,
				F9688CEC215332420041A01A /* Info.plist */,
			);
			path = "ios-here-helloworld";
			sourceTree = "<group>";
		};
		F9688CF4215332420041A01A /* ios-here-helloworldTests */ = {
			isa = PBXGroup;
			children = (
				F9688CF5215332420041A01A /* ios_here_helloworldTests.swift */,
				F9688CF7215332420041A01A /* Info.plist */,
			);
			path = "ios-here-helloworldTests";
			sourceTree = "<group>";
		};
		F9688CFF215332420041A01A /* ios-here-helloworldUITests */ = {
			isa = PBXGroup;
			children = (
				F9688D00215332420041A01A /* ios_here_helloworldUITests.swift */,
				F9688D02215332420041A01A /* Info.plist */,
			);
			path = "ios-here-helloworldUITests";
			sourceTree = "<group>";
		};
/* End PBXGroup section */

/* Begin PBXNativeTarget section */
		F9688CDC215332410041A01A /* ios-here-helloworld */ = {
			isa = PBXNativeTarget;
			buildConfigurationList = F9688D05215332420041A01A /* Build configuration list for PBXNativeTarget "ios-here-helloworld" */;
			buildPhases = (
				86F93BC24B35647D4E1EC269 /* [CP] Check Pods Manifest.lock */,
				F9688CD9215332410041A01A /* Sources */,
				F9688CDA215332410041A01A /* Frameworks */,
				F9688CDB215332410041A01A /* Resources */,
				B0AC84BA896927815F20C04E /* [CP] Embed Pods Frameworks */,
			);
			buildRules = (
			);
			dependencies = (
			);
			name = "ios-here-helloworld";
			productName = "ios-here-helloworld";
			productReference = F9688CDD215332410041A01A /* ios-here-helloworld.app */;
			productType = "com.apple.product-type.application";
		};
		F9688CF0215332420041A01A /* ios-here-helloworldTests */ = {
			isa = PBXNativeTarget;
			buildConfigurationList = F9688D08215332420041A01A /* Build configuration list for PBXNativeTarget "ios-here-helloworldTests" */;
			buildPhases = (
				F9688CED215332420041A01A /* Sources */,
				F9688CEE215332420041A01A /* Frameworks */,
				F9688CEF215332420041A01A /* Resources */,
			);
			buildRules = (
			);
			dependencies = (
				F9688CF3215332420041A01A /* PBXTargetDependency */,
			);
			name = "ios-here-helloworldTests";
			productName = "ios-here-helloworldTests";
			productReference = F9688CF1215332420041A01A /* ios-here-helloworldTests.xctest */;
			productType = "com.apple.product-type.bundle.unit-test";
		};
		F9688CFB215332420041A01A /* ios-here-helloworldUITests */ = {
			isa = PBXNativeTarget;
			buildConfigurationList = F9688D0B215332420041A01A /* Build configuration list for PBXNativeTarget "ios-here-helloworldUITests" */;
			buildPhases = (
				F9688CF8215332420041A01A /* Sources */,
				F9688CF9215332420041A01A /* Frameworks */,
				F9688CFA215332420041A01A /* Resources */,
			);
			buildRules = (
			);
			dependencies = (
				F9688CFE215332420041A01A /* PBXTargetDependency */,
			);
			name = "ios-here-helloworldUITests";
			productName = "ios-here-helloworldUITests";
			productReference = F9688CFC215332420041A01A /* ios-here-helloworldUITests.xctest */;
			productType = "com.apple.product-type.bundle.ui-testing";
		};
/* End PBXNativeTarget section */

/* Begin PBXProject section */
		F9688CD5215332410041A01A /* Project object */ = {
			isa = PBXProject;
			attributes = {
				LastSwiftUpdateCheck = 0940;
				LastUpgradeCheck = 0940;
				ORGANIZATIONNAME = "Lucas Mckenna";
				TargetAttributes = {
					F9688CDC215332410041A01A = {
						CreatedOnToolsVersion = 9.4.1;
						SystemCapabilities = {
							com.apple.BackgroundModes = {
								enabled = 1;
							};
						};
					};
					F9688CF0215332420041A01A = {
						CreatedOnToolsVersion = 9.4.1;
						TestTargetID = F9688CDC215332410041A01A;
					};
					F9688CFB215332420041A01A = {
						CreatedOnToolsVersion = 9.4.1;
						TestTargetID = F9688CDC215332410041A01A;
					};
				};
			};
			buildConfigurationList = F9688CD8215332410041A01A /* Build configuration list for PBXProject "ios-here-helloworld" */;
			compatibilityVersion = "Xcode 9.3";
			developmentRegion = en;
			hasScannedForEncodings = 0;
			knownRegions = (
				en,
				Base,
			);
			mainGroup = F9688CD4215332410041A01A;
			productRefGroup = F9688CDE215332410041A01A /* Products */;
			projectDirPath = "";
			projectRoot = "";
			targets = (
				F9688CDC215332410041A01A /* ios-here-helloworld */,
				F9688CF0215332420041A01A /* ios-here-helloworldTests */,
				F9688CFB215332420041A01A /* ios-here-helloworldUITests */,
			);
		};
/* End PBXProject section */

/* Begin PBXResourcesBuildPhase section */
		F9688CDB215332410041A01A /* Resources */ = {
			isa = PBXResourcesBuildPhase;
			buildActionMask = 2147483647;
			files = (
				F9688CEB215332420041A01A /* LaunchScreen.storyboard in Resources */,
				F9688CE8215332420041A01A /* Assets.xcassets in Resources */,
				F9688CE6215332410041A01A /* Main.storyboard in Resources */,
			);
			runOnlyForDeploymentPostprocessing = 0;
		};
		F9688CEF215332420041A01A /* Resources */ = {
			isa = PBXResourcesBuildPhase;
			buildActionMask = 2147483647;
			files = (
			);
			runOnlyForDeploymentPostprocessing = 0;
		};
		F9688CFA215332420041A01A /* Resources */ = {
			isa = PBXResourcesBuildPhase;
			buildActionMask = 2147483647;
			files = (
			);
			runOnlyForDeploymentPostprocessing = 0;
		};
/* End PBXResourcesBuildPhase section */

/* Begin PBXShellScriptBuildPhase section */
		86F93BC24B35647D4E1EC269 /* [CP] Check Pods Manifest.lock */ = {
			isa = PBXShellScriptBuildPhase;
			buildActionMask = 2147483647;
			files = (
			);
			inputPaths = (
				"${PODS_PODFILE_DIR_PATH}/Podfile.lock",
				"${PODS_ROOT}/Manifest.lock",
			);
			name = "[CP] Check Pods Manifest.lock";
			outputPaths = (
				"$(DERIVED_FILE_DIR)/Pods-ios-here-helloworld-checkManifestLockResult.txt",
			);
			runOnlyForDeploymentPostprocessing = 0;
			shellPath = /bin/sh;
			shellScript = "diff \"${PODS_PODFILE_DIR_PATH}/Podfile.lock\" \"${PODS_ROOT}/Manifest.lock\" > /dev/null\nif [ $? != 0 ] ; then\n    # print error to STDERR\n    echo \"error: The sandbox is not in sync with the Podfile.lock. Run 'pod install' or update your CocoaPods installation.\" >&2\n    exit 1\nfi\n# This output is used by Xcode 'outputs' to avoid re-running this script phase.\necho \"SUCCESS\" > \"${SCRIPT_OUTPUT_FILE_0}\"\n";
			showEnvVarsInLog = 0;
		};
		B0AC84BA896927815F20C04E /* [CP] Embed Pods Frameworks */ = {
			isa = PBXShellScriptBuildPhase;
			buildActionMask = 2147483647;
			files = (
			);
			inputPaths = (
				"${SRCROOT}/Pods/Target Support Files/Pods-ios-here-helloworld/Pods-ios-here-helloworld-frameworks.sh",
				"${PODS_ROOT}/HEREMapsStarter/framework/NMAKit.framework",
				"${PODS_ROOT}/MotionDnaSDK/MotionDnaSDK.framework",
			);
			name = "[CP] Embed Pods Frameworks";
			outputPaths = (
				"${TARGET_BUILD_DIR}/${FRAMEWORKS_FOLDER_PATH}/NMAKit.framework",
				"${TARGET_BUILD_DIR}/${FRAMEWORKS_FOLDER_PATH}/MotionDnaSDK.framework",
			);
			runOnlyForDeploymentPostprocessing = 0;
			shellPath = /bin/sh;
			shellScript = "\"${SRCROOT}/Pods/Target Support Files/Pods-ios-here-helloworld/Pods-ios-here-helloworld-frameworks.sh\"\n";
			showEnvVarsInLog = 0;
		};
/* End PBXShellScriptBuildPhase section */

/* Begin PBXSourcesBuildPhase section */
		F9688CD9215332410041A01A /* Sources */ = {
			isa = PBXSourcesBuildPhase;
			buildActionMask = 2147483647;
			files = (
				F9688CE3215332410041A01A /* ViewController.swift in Sources */,
				F9688CE1215332410041A01A /* AppDelegate.swift in Sources */,
			);
			runOnlyForDeploymentPostprocessing = 0;
		};
		F9688CED215332420041A01A /* Sources */ = {
			isa = PBXSourcesBuildPhase;
			buildActionMask = 2147483647;
			files = (
				F9688CF6215332420041A01A /* ios_here_helloworldTests.swift in Sources */,
			);
			runOnlyForDeploymentPostprocessing = 0;
		};
		F9688CF8215332420041A01A /* Sources */ = {
			isa = PBXSourcesBuildPhase;
			buildActionMask = 2147483647;
			files = (
				F9688D01215332420041A01A /* ios_here_helloworldUITests.swift in Sources */,
			);
			runOnlyForDeploymentPostprocessing = 0;
		};
/* End PBXSourcesBuildPhase section */

/* Begin PBXTargetDependency section */
		F9688CF3215332420041A01A /* PBXTargetDependency */ = {
			isa = PBXTargetDependency;
			target = F9688CDC215332410041A01A /* ios-here-helloworld */;
			targetProxy = F9688CF2215332420041A01A /* PBXContainerItemProxy */;
		};
		F9688CFE215332420041A01A /* PBXTargetDependency */ = {
			isa = PBXTargetDependency;
			target = F9688CDC215332410041A01A /* ios-here-helloworld */;
			targetProxy = F9688CFD215332420041A01A /* PBXContainerItemProxy */;
		};
/* End PBXTargetDependency section */

/* Begin PBXVariantGroup section */
		F9688CE4215332410041A01A /* Main.storyboard */ = {
			isa = PBXVariantGroup;
			children = (
				F9688CE5215332410041A01A /* Base */,
			);
			name = Main.storyboard;
			sourceTree = "<group>";
		};
		F9688CE9215332420041A01A /* LaunchScreen.storyboard */ = {
			isa = PBXVariantGroup;
			children = (
				F9688CEA215332420041A01A /* Base */,
			);
			name = LaunchScreen.storyboard;
			sourceTree = "<group>";
		};
/* End PBXVariantGroup section */

/* Begin XCBuildConfiguration section */
		F9688D03215332420041A01A /* Debug */ = {
			isa = XCBuildConfiguration;
			buildSettings = {
				ALWAYS_SEARCH_USER_PATHS = NO;
				CLANG_ANALYZER_NONNULL = YES;
				CLANG_ANALYZER_NUMBER_OBJECT_CONVERSION = YES_AGGRESSIVE;
				CLANG_CXX_LANGUAGE_STANDARD = "gnu++14";
				CLANG_CXX_LIBRARY = "libc++";
				CLANG_ENABLE_MODULES = YES;
				CLANG_ENABLE_OBJC_ARC = YES;
				CLANG_ENABLE_OBJC_WEAK = YES;
				CLANG_WARN_BLOCK_CAPTURE_AUTORELEASING = YES;
				CLANG_WARN_BOOL_CONVERSION = YES;
				CLANG_WARN_COMMA = YES;
				CLANG_WARN_CONSTANT_CONVERSION = YES;
				CLANG_WARN_DEPRECATED_OBJC_IMPLEMENTATIONS = YES;
				CLANG_WARN_DIRECT_OBJC_ISA_USAGE = YES_ERROR;
				CLANG_WARN_DOCUMENTATION_COMMENTS = YES;
				CLANG_WARN_EMPTY_BODY = YES;
				CLANG_WARN_ENUM_CONVERSION = YES;
				CLANG_WARN_INFINITE_RECURSION = YES;
				CLANG_WARN_INT_CONVERSION = YES;
				CLANG_WARN_NON_LITERAL_NULL_CONVERSION = YES;
				CLANG_WARN_OBJC_IMPLICIT_RETAIN_SELF = YES;
				CLANG_WARN_OBJC_LITERAL_CONVERSION = YES;
				CLANG_WARN_OBJC_ROOT_CLASS = YES_ERROR;
				CLANG_WARN_RANGE_LOOP_ANALYSIS = YES;
				CLANG_WARN_STRICT_PROTOTYPES = YES;
				CLANG_WARN_SUSPICIOUS_MOVE = YES;
				CLANG_WARN_UNGUARDED_AVAILABILITY = YES_AGGRESSIVE;
				CLANG_WARN_UNREACHABLE_CODE = YES;
				CLANG_WARN__DUPLICATE_METHOD_MATCH = YES;
				CODE_SIGN_IDENTITY = "iPhone Developer";
				COPY_PHASE_STRIP = NO;
				DEBUG_INFORMATION_FORMAT = dwarf;
				ENABLE_STRICT_OBJC_MSGSEND = YES;
				ENABLE_TESTABILITY = YES;
				GCC_C_LANGUAGE_STANDARD = gnu11;
				GCC_DYNAMIC_NO_PIC = NO;
				GCC_NO_COMMON_BLOCKS = YES;
				GCC_OPTIMIZATION_LEVEL = 0;
				GCC_PREPROCESSOR_DEFINITIONS = (
					"DEBUG=1",
					"$(inherited)",
				);
				GCC_WARN_64_TO_32_BIT_CONVERSION = YES;
				GCC_WARN_ABOUT_RETURN_TYPE = YES_ERROR;
				GCC_WARN_UNDECLARED_SELECTOR = YES;
				GCC_WARN_UNINITIALIZED_AUTOS = YES_AGGRESSIVE;
				GCC_WARN_UNUSED_FUNCTION = YES;
				GCC_WARN_UNUSED_VARIABLE = YES;
				IPHONEOS_DEPLOYMENT_TARGET = 11.4;
				MTL_ENABLE_DEBUG_INFO = YES;
				ONLY_ACTIVE_ARCH = YES;
				SDKROOT = iphoneos;
				SWIFT_ACTIVE_COMPILATION_CONDITIONS = DEBUG;
				SWIFT_OPTIMIZATION_LEVEL = "-Onone";
			};
			name = Debug;
		};
		F9688D04215332420041A01A /* Release */ = {
			isa = XCBuildConfiguration;
			buildSettings = {
				ALWAYS_SEARCH_USER_PATHS = NO;
				CLANG_ANALYZER_NONNULL = YES;
				CLANG_ANALYZER_NUMBER_OBJECT_CONVERSION = YES_AGGRESSIVE;
				CLANG_CXX_LANGUAGE_STANDARD = "gnu++14";
				CLANG_CXX_LIBRARY = "libc++";
				CLANG_ENABLE_MODULES = YES;
				CLANG_ENABLE_OBJC_ARC = YES;
				CLANG_ENABLE_OBJC_WEAK = YES;
				CLANG_WARN_BLOCK_CAPTURE_AUTORELEASING = YES;
				CLANG_WARN_BOOL_CONVERSION = YES;
				CLANG_WARN_COMMA = YES;
				CLANG_WARN_CONSTANT_CONVERSION = YES;
				CLANG_WARN_DEPRECATED_OBJC_IMPLEMENTATIONS = YES;
				CLANG_WARN_DIRECT_OBJC_ISA_USAGE = YES_ERROR;
				CLANG_WARN_DOCUMENTATION_COMMENTS = YES;
				CLANG_WARN_EMPTY_BODY = YES;
				CLANG_WARN_ENUM_CONVERSION = YES;
				CLANG_WARN_INFINITE_RECURSION = YES;
				CLANG_WARN_INT_CONVERSION = YES;
				CLANG_WARN_NON_LITERAL_NULL_CONVERSION = YES;
				CLANG_WARN_OBJC_IMPLICIT_RETAIN_SELF = YES;
				CLANG_WARN_OBJC_LITERAL_CONVERSION = YES;
				CLANG_WARN_OBJC_ROOT_CLASS = YES_ERROR;
				CLANG_WARN_RANGE_LOOP_ANALYSIS = YES;
				CLANG_WARN_STRICT_PROTOTYPES = YES;
				CLANG_WARN_SUSPICIOUS_MOVE = YES;
				CLANG_WARN_UNGUARDED_AVAILABILITY = YES_AGGRESSIVE;
				CLANG_WARN_UNREACHABLE_CODE = YES;
				CLANG_WARN__DUPLICATE_METHOD_MATCH = YES;
				CODE_SIGN_IDENTITY = "iPhone Developer";
				COPY_PHASE_STRIP = NO;
				DEBUG_INFORMATION_FORMAT = "dwarf-with-dsym";
				ENABLE_NS_ASSERTIONS = NO;
				ENABLE_STRICT_OBJC_MSGSEND = YES;
				GCC_C_LANGUAGE_STANDARD = gnu11;
				GCC_NO_COMMON_BLOCKS = YES;
				GCC_WARN_64_TO_32_BIT_CONVERSION = YES;
				GCC_WARN_ABOUT_RETURN_TYPE = YES_ERROR;
				GCC_WARN_UNDECLARED_SELECTOR = YES;
				GCC_WARN_UNINITIALIZED_AUTOS = YES_AGGRESSIVE;
				GCC_WARN_UNUSED_FUNCTION = YES;
				GCC_WARN_UNUSED_VARIABLE = YES;
				IPHONEOS_DEPLOYMENT_TARGET = 11.4;
				MTL_ENABLE_DEBUG_INFO = NO;
				SDKROOT = iphoneos;
				SWIFT_COMPILATION_MODE = wholemodule;
				SWIFT_OPTIMIZATION_LEVEL = "-O";
				VALIDATE_PRODUCT = YES;
			};
			name = Release;
		};
		F9688D06215332420041A01A /* Debug */ = {
			isa = XCBuildConfiguration;
			baseConfigurationReference = 4839DA0C6B3A0D3A39D15D5F /* Pods-ios-here-helloworld.debug.xcconfig */;
			buildSettings = {
				ASSETCATALOG_COMPILER_APPICON_NAME = AppIcon;
				CODE_SIGN_STYLE = Automatic;
				DEVELOPMENT_TEAM = Z633UZ59K8;
				ENABLE_BITCODE = NO;
				INFOPLIST_FILE = "ios-here-helloworld/Info.plist";
				LD_RUNPATH_SEARCH_PATHS = (
					"$(inherited)",
					"@executable_path/Frameworks",
				);
				PRODUCT_BUNDLE_IDENTIFIER = "navisens.ios-here-helloworld";
				PRODUCT_NAME = "$(TARGET_NAME)";
				SWIFT_VERSION = 4.0;
				TARGETED_DEVICE_FAMILY = "1,2";
			};
			name = Debug;
		};
		F9688D07215332420041A01A /* Release */ = {
			isa = XCBuildConfiguration;
			baseConfigurationReference = 053ED3D786EBE98D6F5D4D75 /* Pods-ios-here-helloworld.release.xcconfig */;
			buildSettings = {
				ASSETCATALOG_COMPILER_APPICON_NAME = AppIcon;
				CODE_SIGN_STYLE = Automatic;
				DEVELOPMENT_TEAM = Z633UZ59K8;
				ENABLE_BITCODE = NO;
				INFOPLIST_FILE = "ios-here-helloworld/Info.plist";
				LD_RUNPATH_SEARCH_PATHS = (
					"$(inherited)",
					"@executable_path/Frameworks",
				);
				PRODUCT_BUNDLE_IDENTIFIER = "navisens.ios-here-helloworld";
				PRODUCT_NAME = "$(TARGET_NAME)";
				SWIFT_VERSION = 4.0;
				TARGETED_DEVICE_FAMILY = "1,2";
			};
			name = Release;
		};
		F9688D09215332420041A01A /* Debug */ = {
			isa = XCBuildConfiguration;
			buildSettings = {
				ALWAYS_EMBED_SWIFT_STANDARD_LIBRARIES = YES;
				BUNDLE_LOADER = "$(TEST_HOST)";
				CODE_SIGN_STYLE = Automatic;
				DEVELOPMENT_TEAM = Z633UZ59K8;
				INFOPLIST_FILE = "ios-here-helloworldTests/Info.plist";
				LD_RUNPATH_SEARCH_PATHS = (
					"$(inherited)",
					"@executable_path/Frameworks",
					"@loader_path/Frameworks",
				);
				PRODUCT_BUNDLE_IDENTIFIER = "navisens.ios-here-helloworldTests";
				PRODUCT_NAME = "$(TARGET_NAME)";
				SWIFT_VERSION = 4.0;
				TARGETED_DEVICE_FAMILY = "1,2";
				TEST_HOST = "$(BUILT_PRODUCTS_DIR)/ios-here-helloworld.app/ios-here-helloworld";
			};
			name = Debug;
		};
		F9688D0A215332420041A01A /* Release */ = {
			isa = XCBuildConfiguration;
			buildSettings = {
				ALWAYS_EMBED_SWIFT_STANDARD_LIBRARIES = YES;
				BUNDLE_LOADER = "$(TEST_HOST)";
				CODE_SIGN_STYLE = Automatic;
				DEVELOPMENT_TEAM = Z633UZ59K8;
				INFOPLIST_FILE = "ios-here-helloworldTests/Info.plist";
				LD_RUNPATH_SEARCH_PATHS = (
					"$(inherited)",
					"@executable_path/Frameworks",
					"@loader_path/Frameworks",
				);
				PRODUCT_BUNDLE_IDENTIFIER = "navisens.ios-here-helloworldTests";
				PRODUCT_NAME = "$(TARGET_NAME)";
				SWIFT_VERSION = 4.0;
				TARGETED_DEVICE_FAMILY = "1,2";
				TEST_HOST = "$(BUILT_PRODUCTS_DIR)/ios-here-helloworld.app/ios-here-helloworld";
			};
			name = Release;
		};
		F9688D0C215332420041A01A /* Debug */ = {
			isa = XCBuildConfiguration;
			buildSettings = {
				ALWAYS_EMBED_SWIFT_STANDARD_LIBRARIES = YES;
				CODE_SIGN_STYLE = Automatic;
				DEVELOPMENT_TEAM = Z633UZ59K8;
				INFOPLIST_FILE = "ios-here-helloworldUITests/Info.plist";
				LD_RUNPATH_SEARCH_PATHS = (
					"$(inherited)",
					"@executable_path/Frameworks",
					"@loader_path/Frameworks",
				);
				PRODUCT_BUNDLE_IDENTIFIER = "navisens.ios-here-helloworldUITests";
				PRODUCT_NAME = "$(TARGET_NAME)";
				SWIFT_VERSION = 4.0;
				TARGETED_DEVICE_FAMILY = "1,2";
				TEST_TARGET_NAME = "ios-here-helloworld";
			};
			name = Debug;
		};
		F9688D0D215332420041A01A /* Release */ = {
			isa = XCBuildConfiguration;
			buildSettings = {
				ALWAYS_EMBED_SWIFT_STANDARD_LIBRARIES = YES;
				CODE_SIGN_STYLE = Automatic;
				DEVELOPMENT_TEAM = Z633UZ59K8;
				INFOPLIST_FILE = "ios-here-helloworldUITests/Info.plist";
				LD_RUNPATH_SEARCH_PATHS = (
					"$(inherited)",
					"@executable_path/Frameworks",
					"@loader_path/Frameworks",
				);
				PRODUCT_BUNDLE_IDENTIFIER = "navisens.ios-here-helloworldUITests";
				PRODUCT_NAME = "$(TARGET_NAME)";
				SWIFT_VERSION = 4.0;
				TARGETED_DEVICE_FAMILY = "1,2";
				TEST_TARGET_NAME = "ios-here-helloworld";
			};
			name = Release;
		};
/* End XCBuildConfiguration section */

/* Begin XCConfigurationList section */
		F9688CD8215332410041A01A /* Build configuration list for PBXProject "ios-here-helloworld" */ = {
			isa = XCConfigurationList;
			buildConfigurations = (
				F9688D03215332420041A01A /* Debug */,
				F9688D04215332420041A01A /* Release */,
			);
			defaultConfigurationIsVisible = 0;
			defaultConfigurationName = Release;
		};
		F9688D05215332420041A01A /* Build configuration list for PBXNativeTarget "ios-here-helloworld" */ = {
			isa = XCConfigurationList;
			buildConfigurations = (
				F9688D06215332420041A01A /* Debug */,
				F9688D07215332420041A01A /* Release */,
			);
			defaultConfigurationIsVisible = 0;
			defaultConfigurationName = Release;
		};
		F9688D08215332420041A01A /* Build configuration list for PBXNativeTarget "ios-here-helloworldTests" */ = {
			isa = XCConfigurationList;
			buildConfigurations = (
				F9688D09215332420041A01A /* Debug */,
				F9688D0A215332420041A01A /* Release */,
			);
			defaultConfigurationIsVisible = 0;
			defaultConfigurationName = Release;
		};
		F9688D0B215332420041A01A /* Build configuration list for PBXNativeTarget "ios-here-helloworldUITests" */ = {
			isa = XCConfigurationList;
			buildConfigurations = (
				F9688D0C215332420041A01A /* Debug */,
				F9688D0D215332420041A01A /* Release */,
			);
			defaultConfigurationIsVisible = 0;
			defaultConfigurationName = Release;
		};
/* End XCConfigurationList section */
	};
	rootObject = F9688CD5215332410041A01A /* Project object */;
}
